
Microsoft Visual Studio Solution File, Format Version 12.00
# Visual Studio Version 16
VisualStudioVersion = 16.0.31025.194
MinimumVisualStudioVersion = 10.0.40219.1
Project("{2150E333-8FDC-42A3-9474-1A3956D46DE8}") = "UI", "UI", "{21C7837D-C7F3-4015-AF96-A9ECA3F23BC7}"
EndProject
Project("{2150E333-8FDC-42A3-9474-1A3956D46DE8}") = "Services", "Services", "{8C0AA6B2-775A-4F2E-8FDC-81F0538C104D}"
EndProject
Project("{9A19103F-16F7-4668-BE54-9A1E7A4F7556}") = "Items", "Items\Items.csproj", "{7D52E6D6-EEA0-4B12-852D-C15036A1D490}"
EndProject
Project("{9A19103F-16F7-4668-BE54-9A1E7A4F7556}") = "Basket", "Basket\Basket.csproj", "{7A6F7907-28A2-4540-AF85-DBB9627DD892}"
EndProject
Project("{9A19103F-16F7-4668-BE54-9A1E7A4F7556}") = "UIPages", "UIPages\UIPages.csproj", "{36241ABE-1BC9-443E-85D2-7BD73C6CCCE8}"
EndProject
Project("{FAE04EC0-301F-11D3-BF4B-00C04F79EFBC}") = "ShippingDetails", "ShippingDetails\ShippingDetails.csproj", "{DE7920E9-B0EA-45F5-BA85-7CD532F852BF}"
EndProject
Project("{FAE04EC0-301F-11D3-BF4B-00C04F79EFBC}") = "Order", "Order\Order.csproj", "{E82E8EAF-28B1-40B9-8B96-61E2C96EA783}"
EndProject
Global
	GlobalSection(SolutionConfigurationPlatforms) = preSolution
		Debug|Any CPU = Debug|Any CPU
		Release|Any CPU = Release|Any CPU
	EndGlobalSection
	GlobalSection(ProjectConfigurationPlatforms) = postSolution
		{7D52E6D6-EEA0-4B12-852D-C15036A1D490}.Debug|Any CPU.ActiveCfg = Debug|Any CPU
		{7D52E6D6-EEA0-4B12-852D-C15036A1D490}.Debug|Any CPU.Build.0 = Debug|Any CPU
		{7D52E6D6-EEA0-4B12-852D-C15036A1D490}.Release|Any CPU.ActiveCfg = Release|Any CPU
		{7D52E6D6-EEA0-4B12-852D-C15036A1D490}.Release|Any CPU.Build.0 = Release|Any CPU
		{7A6F7907-28A2-4540-AF85-DBB9627DD892}.Debug|Any CPU.ActiveCfg = Debug|Any CPU
		{7A6F7907-28A2-4540-AF85-DBB9627DD892}.Debug|Any CPU.Build.0 = Debug|Any CPU
		{7A6F7907-28A2-4540-AF85-DBB9627DD892}.Release|Any CPU.ActiveCfg = Release|Any CPU
		{7A6F7907-28A2-4540-AF85-DBB9627DD892}.Release|Any CPU.Build.0 = Release|Any CPU
		{36241ABE-1BC9-443E-85D2-7BD73C6CCCE8}.Debug|Any CPU.ActiveCfg = Debug|Any CPU
		{36241ABE-1BC9-443E-85D2-7BD73C6CCCE8}.Debug|Any CPU.Build.0 = Debug|Any CPU
		{36241ABE-1BC9-443E-85D2-7BD73C6CCCE8}.Release|Any CPU.ActiveCfg = Release|Any CPU
		{36241ABE-1BC9-443E-85D2-7BD73C6CCCE8}.Release|Any CPU.Build.0 = Release|Any CPU
		{DE7920E9-B0EA-45F5-BA85-7CD532F852BF}.Debug|Any CPU.ActiveCfg = Debug|Any CPU
		{DE7920E9-B0EA-45F5-BA85-7CD532F852BF}.Debug|Any CPU.Build.0 = Debug|Any CPU
		{DE7920E9-B0EA-45F5-BA85-7CD532F852BF}.Release|Any CPU.ActiveCfg = Release|Any CPU
		{DE7920E9-B0EA-45F5-BA85-7CD532F852BF}.Release|Any CPU.Build.0 = Release|Any CPU
		{E82E8EAF-28B1-40B9-8B96-61E2C96EA783}.Debug|Any CPU.ActiveCfg = Debug|Any CPU
		{E82E8EAF-28B1-40B9-8B96-61E2C96EA783}.Debug|Any CPU.Build.0 = Debug|Any CPU
		{E82E8EAF-28B1-40B9-8B96-61E2C96EA783}.Release|Any CPU.ActiveCfg = Release|Any CPU
		{E82E8EAF-28B1-40B9-8B96-61E2C96EA783}.Release|Any CPU.Build.0 = Release|Any CPU
	EndGlobalSection
	GlobalSection(SolutionProperties) = preSolution
		HideSolutionNode = FALSE
	EndGlobalSection
	GlobalSection(NestedProjects) = preSolution
		{7D52E6D6-EEA0-4B12-852D-C15036A1D490} = {8C0AA6B2-775A-4F2E-8FDC-81F0538C104D}
		{7A6F7907-28A2-4540-AF85-DBB9627DD892} = {8C0AA6B2-775A-4F2E-8FDC-81F0538C104D}
		{36241ABE-1BC9-443E-85D2-7BD73C6CCCE8} = {21C7837D-C7F3-4015-AF96-A9ECA3F23BC7}
		{DE7920E9-B0EA-45F5-BA85-7CD532F852BF} = {8C0AA6B2-775A-4F2E-8FDC-81F0538C104D}
		{E82E8EAF-28B1-40B9-8B96-61E2C96EA783} = {8C0AA6B2-775A-4F2E-8FDC-81F0538C104D}
	EndGlobalSection
	GlobalSection(ExtensibilityGlobals) = postSolution
		SolutionGuid = {0936186F-7399-4B4A-94B5-439B776AC486}
	EndGlobalSection
EndGlobal
